version = 1
requires-python = ">=3.13"

[[package]]
name = "cffi"
version = "1.17.1"
source = { registry = "https://pypi.org/simple" }
dependencies = [
    { name = "pycparser" },
]
sdist = { url = "https://files.pythonhosted.org/packages/fc/97/c783634659c2920c3fc70419e3af40972dbaf758daa229a7d6ea6135c90d/cffi-1.17.1.tar.gz", hash = "sha256:1c39c6016c32bc48dd54561950ebd6836e1670f2ae46128f67cf49e789c52824", size = 516621 }
wheels = [
    { url = "https://files.pythonhosted.org/packages/bf/ee/f94057fa6426481d663b88637a9a10e859e492c73d0384514a17d78ee205/cffi-1.17.1-cp313-cp313-win32.whl", hash = "sha256:e03eab0a8677fa80d646b5ddece1cbeaf556c313dcfac435ba11f107ba117b5d", size = 172475 },
    { url = "https://files.pythonhosted.org/packages/7c/fc/6a8cb64e5f0324877d503c854da15d76c1e50eb722e320b15345c4d0c6de/cffi-1.17.1-cp313-cp313-win_amd64.whl", hash = "sha256:f6a16c31041f09ead72d69f583767292f750d24913dadacf5756b966aacb3f1a", size = 182009 },
]

[[package]]
name = "gevent"
version = "25.4.1"
source = { registry = "https://pypi.org/simple" }
dependencies = [
    { name = "cffi", marker = "platform_python_implementation == 'CPython' and sys_platform == 'win32'" },
    { name = "greenlet", marker = "platform_python_implementation == 'CPython'" },
    { name = "zope-event" },
    { name = "zope-interface" },
]
wheels = [
    { url = "https://files.pythonhosted.org/packages/ea/8a/865f524bba2247618e8b1925c9769c52d90069521a06ed2e498eeb59699c/gevent-25.4.1-cp313-cp313-macosx_11_0_universal2.whl", hash = "sha256:347c60704fa8b6b3110a376facc69ae405ab4d8a71cb1012f2de24e8059a080b", size = 2995373 },
    { url = "https://files.pythonhosted.org/packages/9c/bd/4424cc294227e688e82f948b6287cdc8585b81dc5432605b65c9c3a755b3/gevent-25.4.1-cp313-cp313-manylinux_2_17_aarch64.manylinux2014_aarch64.whl", hash = "sha256:cd8762bae8633da18884074a3b7ea1384c1c64131ae6e36ecc927675df258e1f", size = 1808367 },
    { url = "https://files.pythonhosted.org/packages/7c/4e/ef93ead0e6ec891b72aeb891a9c326007016f722514a52fb124414405ed3/gevent-25.4.1-cp313-cp313-manylinux_2_17_ppc64le.manylinux2014_ppc64le.whl", hash = "sha256:036cfaf14f90bd8aa57fce4a875693d3712c446371f3812eb113860f7393f670", size = 1885966 },
    { url = "https://files.pythonhosted.org/packages/f7/c0/97724da4a7c130c2b2f39d464cb0ab7a24569974d43c749d5b5aa296cd00/gevent-25.4.1-cp313-cp313-manylinux_2_17_s390x.manylinux2014_s390x.whl", hash = "sha256:61cbe95833751648fae1aa62d50d386fac71658f57ffa76b3140056f5b305086", size = 1847450 },
    { url = "https://files.pythonhosted.org/packages/43/81/da674c856e82ffa40b6a93db1340d4e6e854b9092401b3fc2cf4c7a6a69e/gevent-25.4.1-cp313-cp313-manylinux_2_17_x86_64.manylinux2014_x86_64.whl", hash = "sha256:ec53625dc995086f27bf49be425f3111a8105e04385830266c021c541bd23998", size = 2084495 },
    { url = "https://files.pythonhosted.org/packages/df/c6/e67ff494ee8d26b31de98d195bec1c1da94bddbaa8dda28ee4d2fc4b7a1d/gevent-25.4.1-cp313-cp313-musllinux_1_1_aarch64.whl", hash = "sha256:702ca9a4b75f549c235da6ab9d43fc5261ee7aeaccc6de40f92c43917593ec7f", size = 1823346 },
    { url = "https://files.pythonhosted.org/packages/69/f2/653d1fbeca9a972d4f8e596bca9e733c7a32a658d23cbd7cbc43e7664acb/gevent-25.4.1-cp313-cp313-musllinux_1_1_x86_64.whl", hash = "sha256:cfcbd6cc35449d9346234227d90253bfc2c015027e6b076b9c205633ca7e7ad9", size = 2115478 },
    { url = "https://files.pythonhosted.org/packages/6c/14/4b20b18a40dc053e8e5b87b1e4d4539e23657c2f286c4ea5557294956150/gevent-25.4.1-cp313-cp313-win_amd64.whl", hash = "sha256:f5f51f6fb68e8c47a02b9c16634bbd9b43b2ff6a66c52c71e6a406dd6b07c80c", size = 1540839 },
    { url = "https://files.pythonhosted.org/packages/c8/6f/29b9f50012e8d9966bcfe89879964629f00f885e7602375f673e4fc8839b/gevent-25.4.1-cp314-cp314-macosx_11_0_universal2.whl", hash = "sha256:88cada934c24de811df209d4d5d0cbb78f88a9c3f06ba491ff08c19f6625f9fa", size = 3005686 },
]

[[package]]
name = "gevent-websocket"
version = "0.10.1"
source = { registry = "https://pypi.org/simple" }
dependencies = [
    { name = "gevent" },
]
sdist = { url = "https://files.pythonhosted.org/packages/98/d2/6fa19239ff1ab072af40ebf339acd91fb97f34617c2ee625b8e34bf42393/gevent-websocket-0.10.1.tar.gz", hash = "sha256:7eaef32968290c9121f7c35b973e2cc302ffb076d018c9068d2f5ca8b2d85fb0", size = 18366 }
wheels = [
    { url = "https://files.pythonhosted.org/packages/7b/84/2dc373eb6493e00c884cc11e6c059ec97abae2678d42f06bf780570b0193/gevent_websocket-0.10.1-py3-none-any.whl", hash = "sha256:17b67d91282f8f4c973eba0551183fc84f56f1c90c8f6b6b30256f31f66f5242", size = 22987 },
]

[[package]]
name = "greenlet"
version = "3.2.0"
source = { registry = "https://pypi.org/simple" }
sdist = { url = "https://files.pythonhosted.org/packages/b0/9c/666d8c71b18d0189cf801c0e0b31c4bfc609ac823883286045b1f3ae8994/greenlet-3.2.0.tar.gz", hash = "sha256:1d2d43bd711a43db8d9b9187500e6432ddb4fafe112d082ffabca8660a9e01a7", size = 183685 }
wheels = [
    { url = "https://files.pythonhosted.org/packages/c9/43/c0b655d4d7eae19282b028bcec449e5c80626ad0d8d0ca3703f9b1c29258/greenlet-3.2.0-cp313-cp313-macosx_11_0_universal2.whl", hash = "sha256:b86a3ccc865ae601f446af042707b749eebc297928ea7bd0c5f60c56525850be", size = 269131 },
    { url = "https://files.pythonhosted.org/packages/7c/7d/c8f51c373c7f7ac0f73d04a6fd77ab34f6f643cb41a0d186d05ba96708e7/greenlet-3.2.0-cp313-cp313-manylinux_2_17_aarch64.manylinux2014_aarch64.whl", hash = "sha256:144283ad88ed77f3ebd74710dd419b55dd15d18704b0ae05935766a93f5671c5", size = 637323 },
    { url = "https://files.pythonhosted.org/packages/89/65/c3ee41b2e56586737d6e124b250583695628ffa6b324855b3a1267a8d1d9/greenlet-3.2.0-cp313-cp313-manylinux_2_17_ppc64le.manylinux2014_ppc64le.whl", hash = "sha256:5be69cd50994b8465c3ad1467f9e63001f76e53a89440ad4440d1b6d52591280", size = 651430 },
    { url = "https://files.pythonhosted.org/packages/f0/07/33bd7a3dcde1db7259371d026ce76be1eb653d2d892334fc79a500b3c5ee/greenlet-3.2.0-cp313-cp313-manylinux_2_17_s390x.manylinux2014_s390x.whl", hash = "sha256:47aeadd1e8fbdef8fdceb8fb4edc0cbb398a57568d56fd68f2bc00d0d809e6b6", size = 645798 },
    { url = "https://files.pythonhosted.org/packages/35/5b/33c221a6a867030b0b770513a1b78f6c30e04294131dafdc8da78906bbe6/greenlet-3.2.0-cp313-cp313-manylinux_2_17_x86_64.manylinux2014_x86_64.whl", hash = "sha256:18adc14ab154ca6e53eecc9dc50ff17aeb7ba70b7e14779b26e16d71efa90038", size = 648271 },
    { url = "https://files.pythonhosted.org/packages/4d/dd/d6452248fa6093504e3b7525dc2bdc4e55a4296ec6ee74ba241a51d852e2/greenlet-3.2.0-cp313-cp313-manylinux_2_24_x86_64.manylinux_2_28_x86_64.whl", hash = "sha256:e8622b33d8694ec373ad55050c3d4e49818132b44852158442e1931bb02af336", size = 606779 },
    { url = "https://files.pythonhosted.org/packages/9d/24/160f04d2589bcb15b8661dcd1763437b22e01643626899a4139bf98f02af/greenlet-3.2.0-cp313-cp313-musllinux_1_1_aarch64.whl", hash = "sha256:e8ac9a2c20fbff3d0b853e9ef705cdedb70d9276af977d1ec1cde86a87a4c821", size = 1117968 },
    { url = "https://files.pythonhosted.org/packages/6c/ff/c6e3f3a5168fef5209cfd9498b2b5dd77a0bf29dfc686a03dcc614cf4432/greenlet-3.2.0-cp313-cp313-musllinux_1_1_x86_64.whl", hash = "sha256:cd37273dc7ca1d5da149b58c8b3ce0711181672ba1b09969663905a765affe21", size = 1145510 },
    { url = "https://files.pythonhosted.org/packages/dc/62/5215e374819052e542b5bde06bd7d4a171454b6938c96a2384f21cb94279/greenlet-3.2.0-cp313-cp313-win_amd64.whl", hash = "sha256:8a8940a8d301828acd8b9f3f85db23069a692ff2933358861b19936e29946b95", size = 296004 },
    { url = "https://files.pythonhosted.org/packages/62/6d/dc9c909cba5cbf4b0833fce69912927a8ca74791c23c47b9fd4f28092108/greenlet-3.2.0-cp313-cp313t-manylinux_2_17_aarch64.manylinux2014_aarch64.whl", hash = "sha256:ee59db626760f1ca8da697a086454210d36a19f7abecc9922a2374c04b47735b", size = 629900 },
    { url = "https://files.pythonhosted.org/packages/5e/a9/f3f304fbbbd604858ff3df303d7fa1d8f7f9e45a6ef74481aaf03aaac021/greenlet-3.2.0-cp313-cp313t-manylinux_2_17_ppc64le.manylinux2014_ppc64le.whl", hash = "sha256:7154b13ef87a8b62fc05419f12d75532d7783586ad016c57b5de8a1c6feeb517", size = 635270 },
    { url = "https://files.pythonhosted.org/packages/34/92/4b7b4e2e23ecc723cceef9fe3898e78c8e14e106cc7ba2f276a66161da3e/greenlet-3.2.0-cp313-cp313t-manylinux_2_17_s390x.manylinux2014_s390x.whl", hash = "sha256:199453d64b02d0c9d139e36d29681efd0e407ed8e2c0bf89d88878d6a787c28f", size = 632534 },
    { url = "https://files.pythonhosted.org/packages/da/7f/91f0ecbe72c9d789fb7f400b39da9d1e87fcc2cf8746a9636479ba79ab01/greenlet-3.2.0-cp313-cp313t-manylinux_2_17_x86_64.manylinux2014_x86_64.whl", hash = "sha256:0010e928e1901d36625f21d008618273f9dda26b516dbdecf873937d39c9dff0", size = 628826 },
    { url = "https://files.pythonhosted.org/packages/9f/59/e449a44ce52b13751f55376d85adc155dd311608f6d2aa5b6bd2c8d15486/greenlet-3.2.0-cp313-cp313t-manylinux_2_24_x86_64.manylinux_2_28_x86_64.whl", hash = "sha256:6005f7a86de836a1dc4b8d824a2339cdd5a1ca7cb1af55ea92575401f9952f4c", size = 593697 },
    { url = "https://files.pythonhosted.org/packages/bb/09/cca3392927c5c990b7a8ede64ccd0712808438d6490d63ce6b8704d6df5f/greenlet-3.2.0-cp313-cp313t-musllinux_1_1_aarch64.whl", hash = "sha256:17fd241c0d50bacb7ce8ff77a30f94a2d0ca69434ba2e0187cf95a5414aeb7e1", size = 1105762 },
    { url = "https://files.pythonhosted.org/packages/4d/b9/3d201f819afc3b7a8cd7ebe645f1a17799603e2d62c968154518f79f4881/greenlet-3.2.0-cp313-cp313t-musllinux_1_1_x86_64.whl", hash = "sha256:7b17a26abc6a1890bf77d5d6b71c0999705386b00060d15c10b8182679ff2790", size = 1125173 },
    { url = "https://files.pythonhosted.org/packages/80/7b/773a30602234597fc2882091f8e1d1a38ea0b4419d99ca7ed82c827e2c3a/greenlet-3.2.0-cp314-cp314-macosx_11_0_universal2.whl", hash = "sha256:397b6bbda06f8fe895893d96218cd6f6d855a6701dc45012ebe12262423cec8b", size = 269908 },
]

[[package]]
name = "mypy"
version = "1.15.0"
source = { registry = "https://pypi.org/simple" }
dependencies = [
    { name = "mypy-extensions" },
    { name = "typing-extensions" },
]
sdist = { url = "https://files.pythonhosted.org/packages/ce/43/d5e49a86afa64bd3839ea0d5b9c7103487007d728e1293f52525d6d5486a/mypy-1.15.0.tar.gz", hash = "sha256:404534629d51d3efea5c800ee7c42b72a6554d6c400e6a79eafe15d11341fd43", size = 3239717 }
wheels = [
    { url = "https://files.pythonhosted.org/packages/6a/9b/fd2e05d6ffff24d912f150b87db9e364fa8282045c875654ce7e32fffa66/mypy-1.15.0-cp313-cp313-macosx_10_13_x86_64.whl", hash = "sha256:93faf3fdb04768d44bf28693293f3904bbb555d076b781ad2530214ee53e3445", size = 10788592 },
    { url = "https://files.pythonhosted.org/packages/74/37/b246d711c28a03ead1fd906bbc7106659aed7c089d55fe40dd58db812628/mypy-1.15.0-cp313-cp313-macosx_11_0_arm64.whl", hash = "sha256:811aeccadfb730024c5d3e326b2fbe9249bb7413553f15499a4050f7c30e801d", size = 9753611 },
    { url = "https://files.pythonhosted.org/packages/a6/ac/395808a92e10cfdac8003c3de9a2ab6dc7cde6c0d2a4df3df1b815ffd067/mypy-1.15.0-cp313-cp313-manylinux_2_17_aarch64.manylinux2014_aarch64.manylinux_2_28_aarch64.whl", hash = "sha256:98b7b9b9aedb65fe628c62a6dc57f6d5088ef2dfca37903a7d9ee374d03acca5", size = 11438443 },
    { url = "https://files.pythonhosted.org/packages/d2/8b/801aa06445d2de3895f59e476f38f3f8d610ef5d6908245f07d002676cbf/mypy-1.15.0-cp313-cp313-manylinux_2_17_x86_64.manylinux2014_x86_64.manylinux_2_28_x86_64.whl", hash = "sha256:c43a7682e24b4f576d93072216bf56eeff70d9140241f9edec0c104d0c515036", size = 12402541 },
    { url = "https://files.pythonhosted.org/packages/c7/67/5a4268782eb77344cc613a4cf23540928e41f018a9a1ec4c6882baf20ab8/mypy-1.15.0-cp313-cp313-musllinux_1_2_x86_64.whl", hash = "sha256:baefc32840a9f00babd83251560e0ae1573e2f9d1b067719479bfb0e987c6357", size = 12494348 },
    { url = "https://files.pythonhosted.org/packages/83/3e/57bb447f7bbbfaabf1712d96f9df142624a386d98fb026a761532526057e/mypy-1.15.0-cp313-cp313-win_amd64.whl", hash = "sha256:b9378e2c00146c44793c98b8d5a61039a048e31f429fb0eb546d93f4b000bedf", size = 9373648 },
    { url = "https://files.pythonhosted.org/packages/09/4e/a7d65c7322c510de2c409ff3828b03354a7c43f5a8ed458a7a131b41c7b9/mypy-1.15.0-py3-none-any.whl", hash = "sha256:5469affef548bd1895d86d3bf10ce2b44e33d86923c29e4d675b3e323437ea3e", size = 2221777 },
]

[[package]]
name = "mypy-extensions"
version = "1.0.0"
source = { registry = "https://pypi.org/simple" }
sdist = { url = "https://files.pythonhosted.org/packages/98/a4/1ab47638b92648243faf97a5aeb6ea83059cc3624972ab6b8d2316078d3f/mypy_extensions-1.0.0.tar.gz", hash = "sha256:75dbf8955dc00442a438fc4d0666508a9a97b6bd41aa2f0ffe9d2f2725af0782", size = 4433 }
wheels = [
    { url = "https://files.pythonhosted.org/packages/2a/e2/5d3f6ada4297caebe1a2add3b126fe800c96f56dbe5d1988a2cbe0b267aa/mypy_extensions-1.0.0-py3-none-any.whl", hash = "sha256:4392f6c0eb8a5668a69e23d168ffa70f0be9ccfd32b5cc2d26a34ae5b844552d", size = 4695 },
]

[[package]]
name = "pycparser"
version = "2.22"
source = { registry = "https://pypi.org/simple" }
sdist = { url = "https://files.pythonhosted.org/packages/1d/b2/31537cf4b1ca988837256c910a668b553fceb8f069bedc4b1c826024b52c/pycparser-2.22.tar.gz", hash = "sha256:491c8be9c040f5390f5bf44a5b07752bd07f56edf992381b05c701439eec10f6", size = 172736 }
wheels = [
    { url = "https://files.pythonhosted.org/packages/13/a3/a812df4e2dd5696d1f351d58b8fe16a405b234ad2886a0dab9183fb78109/pycparser-2.22-py3-none-any.whl", hash = "sha256:c3702b6d3dd8c7abc1afa565d7e63d53a1d0bd86cdc24edd75470f4de499cfcc", size = 117552 },
]

[[package]]
name = "ruff"
version = "0.11.6"
source = { registry = "https://pypi.org/simple" }
sdist = { url = "https://files.pythonhosted.org/packages/d9/11/bcef6784c7e5d200b8a1f5c2ddf53e5da0efec37e6e5a44d163fb97e04ba/ruff-0.11.6.tar.gz", hash = "sha256:bec8bcc3ac228a45ccc811e45f7eb61b950dbf4cf31a67fa89352574b01c7d79", size = 4010053 }
wheels = [
    { url = "https://files.pythonhosted.org/packages/6e/1f/8848b625100ebcc8740c8bac5b5dd8ba97dd4ee210970e98832092c1635b/ruff-0.11.6-py3-none-linux_armv6l.whl", hash = "sha256:d84dcbe74cf9356d1bdb4a78cf74fd47c740bf7bdeb7529068f69b08272239a1", size = 10248105 },
    { url = "https://files.pythonhosted.org/packages/e0/47/c44036e70c6cc11e6ee24399c2a1e1f1e99be5152bd7dff0190e4b325b76/ruff-0.11.6-py3-none-macosx_10_12_x86_64.whl", hash = "sha256:9bc583628e1096148011a5d51ff3c836f51899e61112e03e5f2b1573a9b726de", size = 11001494 },
    { url = "https://files.pythonhosted.org/packages/ed/5b/170444061650202d84d316e8f112de02d092bff71fafe060d3542f5bc5df/ruff-0.11.6-py3-none-macosx_11_0_arm64.whl", hash = "sha256:f2959049faeb5ba5e3b378709e9d1bf0cab06528b306b9dd6ebd2a312127964a", size = 10352151 },
    { url = "https://files.pythonhosted.org/packages/ff/91/f02839fb3787c678e112c8865f2c3e87cfe1744dcc96ff9fc56cfb97dda2/ruff-0.11.6-py3-none-manylinux_2_17_aarch64.manylinux2014_aarch64.whl", hash = "sha256:63c5d4e30d9d0de7fedbfb3e9e20d134b73a30c1e74b596f40f0629d5c28a193", size = 10541951 },
    { url = "https://files.pythonhosted.org/packages/9e/f3/c09933306096ff7a08abede3cc2534d6fcf5529ccd26504c16bf363989b5/ruff-0.11.6-py3-none-manylinux_2_17_armv7l.manylinux2014_armv7l.whl", hash = "sha256:26a4b9a4e1439f7d0a091c6763a100cef8fbdc10d68593df6f3cfa5abdd9246e", size = 10079195 },
    { url = "https://files.pythonhosted.org/packages/e0/0d/a87f8933fccbc0d8c653cfbf44bedda69c9582ba09210a309c066794e2ee/ruff-0.11.6-py3-none-manylinux_2_17_i686.manylinux2014_i686.whl", hash = "sha256:b5edf270223dd622218256569636dc3e708c2cb989242262fe378609eccf1308", size = 11698918 },
    { url = "https://files.pythonhosted.org/packages/52/7d/8eac0bd083ea8a0b55b7e4628428203441ca68cd55e0b67c135a4bc6e309/ruff-0.11.6-py3-none-manylinux_2_17_ppc64.manylinux2014_ppc64.whl", hash = "sha256:f55844e818206a9dd31ff27f91385afb538067e2dc0beb05f82c293ab84f7d55", size = 12319426 },
    { url = "https://files.pythonhosted.org/packages/c2/dc/d0c17d875662d0c86fadcf4ca014ab2001f867621b793d5d7eef01b9dcce/ruff-0.11.6-py3-none-manylinux_2_17_ppc64le.manylinux2014_ppc64le.whl", hash = "sha256:1d8f782286c5ff562e4e00344f954b9320026d8e3fae2ba9e6948443fafd9ffc", size = 11791012 },
    { url = "https://files.pythonhosted.org/packages/f9/f3/81a1aea17f1065449a72509fc7ccc3659cf93148b136ff2a8291c4bc3ef1/ruff-0.11.6-py3-none-manylinux_2_17_s390x.manylinux2014_s390x.whl", hash = "sha256:01c63ba219514271cee955cd0adc26a4083df1956d57847978383b0e50ffd7d2", size = 13949947 },
    { url = "https://files.pythonhosted.org/packages/61/9f/a3e34de425a668284e7024ee6fd41f452f6fa9d817f1f3495b46e5e3a407/ruff-0.11.6-py3-none-manylinux_2_17_x86_64.manylinux2014_x86_64.whl", hash = "sha256:15adac20ef2ca296dd3d8e2bedc6202ea6de81c091a74661c3666e5c4c223ff6", size = 11471753 },
    { url = "https://files.pythonhosted.org/packages/df/c5/4a57a86d12542c0f6e2744f262257b2aa5a3783098ec14e40f3e4b3a354a/ruff-0.11.6-py3-none-musllinux_1_2_aarch64.whl", hash = "sha256:4dd6b09e98144ad7aec026f5588e493c65057d1b387dd937d7787baa531d9bc2", size = 10417121 },
    { url = "https://files.pythonhosted.org/packages/58/3f/a3b4346dff07ef5b862e2ba06d98fcbf71f66f04cf01d375e871382b5e4b/ruff-0.11.6-py3-none-musllinux_1_2_armv7l.whl", hash = "sha256:45b2e1d6c0eed89c248d024ea95074d0e09988d8e7b1dad8d3ab9a67017a5b03", size = 10073829 },
    { url = "https://files.pythonhosted.org/packages/93/cc/7ed02e0b86a649216b845b3ac66ed55d8aa86f5898c5f1691797f408fcb9/ruff-0.11.6-py3-none-musllinux_1_2_i686.whl", hash = "sha256:bd40de4115b2ec4850302f1a1d8067f42e70b4990b68838ccb9ccd9f110c5e8b", size = 11076108 },
    { url = "https://files.pythonhosted.org/packages/39/5e/5b09840fef0eff1a6fa1dea6296c07d09c17cb6fb94ed5593aa591b50460/ruff-0.11.6-py3-none-musllinux_1_2_x86_64.whl", hash = "sha256:77cda2dfbac1ab73aef5e514c4cbfc4ec1fbef4b84a44c736cc26f61b3814cd9", size = 11512366 },
    { url = "https://files.pythonhosted.org/packages/6f/4c/1cd5a84a412d3626335ae69f5f9de2bb554eea0faf46deb1f0cb48534042/ruff-0.11.6-py3-none-win32.whl", hash = "sha256:5151a871554be3036cd6e51d0ec6eef56334d74dfe1702de717a995ee3d5b287", size = 10485900 },
    { url = "https://files.pythonhosted.org/packages/42/46/8997872bc44d43df986491c18d4418f1caff03bc47b7f381261d62c23442/ruff-0.11.6-py3-none-win_amd64.whl", hash = "sha256:cce85721d09c51f3b782c331b0abd07e9d7d5f775840379c640606d3159cae0e", size = 11558592 },
    { url = "https://files.pythonhosted.org/packages/d7/6a/65fecd51a9ca19e1477c3879a7fda24f8904174d1275b419422ac00f6eee/ruff-0.11.6-py3-none-win_arm64.whl", hash = "sha256:3567ba0d07fb170b1b48d944715e3294b77f5b7679e8ba258199a250383ccb79", size = 10682766 },
]

[[package]]
name = "setuptools"
version = "78.1.0"
source = { registry = "https://pypi.org/simple" }
sdist = { url = "https://files.pythonhosted.org/packages/a9/5a/0db4da3bc908df06e5efae42b44e75c81dd52716e10192ff36d0c1c8e379/setuptools-78.1.0.tar.gz", hash = "sha256:18fd474d4a82a5f83dac888df697af65afa82dec7323d09c3e37d1f14288da54", size = 1367827 }
wheels = [
    { url = "https://files.pythonhosted.org/packages/54/21/f43f0a1fa8b06b32812e0975981f4677d28e0f3271601dc88ac5a5b83220/setuptools-78.1.0-py3-none-any.whl", hash = "sha256:3e386e96793c8702ae83d17b853fb93d3e09ef82ec62722e61da5cd22376dcd8", size = 1256108 },
]

[[package]]
name = "typing-extensions"
version = "4.13.2"
source = { registry = "https://pypi.org/simple" }
sdist = { url = "https://files.pythonhosted.org/packages/f6/37/23083fcd6e35492953e8d2aaaa68b860eb422b34627b13f2ce3eb6106061/typing_extensions-4.13.2.tar.gz", hash = "sha256:e6c81219bd689f51865d9e372991c540bda33a0379d5573cddb9a3a23f7caaef", size = 106967 }
wheels = [
    { url = "https://files.pythonhosted.org/packages/8b/54/b1ae86c0973cc6f0210b53d508ca3641fb6d0c56823f288d108bc7ab3cc8/typing_extensions-4.13.2-py3-none-any.whl", hash = "sha256:a439e7c04b49fec3e5d3e2beaa21755cadbbdc391694e28ccdd36ca4a1408f8c", size = 45806 },
]

[[package]]
name = "yizer"
version = "0.1.0"
source = { virtual = "." }
dependencies = [
    { name = "gevent" },
    { name = "gevent-websocket" },
    { name = "yt-dlp" },
]

[package.dev-dependencies]
dev = [
    { name = "mypy" },
    { name = "ruff" },
]

[package.metadata]
requires-dist = [
    { name = "gevent", specifier = ">=25.4.1" },
    { name = "gevent-websocket", specifier = ">=0.10.1" },
    { name = "yt-dlp", specifier = ">=2025.3.31" },
]

[package.metadata.requires-dev]
dev = [
    { name = "mypy", specifier = ">=1.15.0" },
    { name = "ruff", specifier = ">=0.11.6" },
]

[[package]]
name = "yt-dlp"
version = "2025.3.31"
source = { registry = "https://pypi.org/simple" }
sdist = { url = "https://files.pythonhosted.org/packages/a2/11/333d16f88b1515d4c601e1dfbf1028e6798f0b2a8ff1dc5aaa7b797aa9e8/yt_dlp-2025.3.31.tar.gz", hash = "sha256:1bfe0e660d1a70a09e27b2d58f92e30b1e2e362cc487829f2f824346ae49fb91", size = 2967466 }
wheels = [
    { url = "https://files.pythonhosted.org/packages/a8/bf/7b0affb8f163376309696cfd1c677818fa0969fbb9d88225087208799afe/yt_dlp-2025.3.31-py3-none-any.whl", hash = "sha256:8ecb3aa218a3bebe431119f513a8972b9b9d992edf67168c00ab92329a03baec", size = 3226021 },
]

[[package]]
name = "zope-event"
version = "5.0"
source = { registry = "https://pypi.org/simple" }
dependencies = [
    { name = "setuptools" },
]
sdist = { url = "https://files.pythonhosted.org/packages/46/c2/427f1867bb96555d1d34342f1dd97f8c420966ab564d58d18469a1db8736/zope.event-5.0.tar.gz", hash = "sha256:bac440d8d9891b4068e2b5a2c5e2c9765a9df762944bda6955f96bb9b91e67cd", size = 17350 }
wheels = [
    { url = "https://files.pythonhosted.org/packages/fe/42/f8dbc2b9ad59e927940325a22d6d3931d630c3644dae7e2369ef5d9ba230/zope.event-5.0-py3-none-any.whl", hash = "sha256:2832e95014f4db26c47a13fdaef84cef2f4df37e66b59d8f1f4a8f319a632c26", size = 6824 },
]

[[package]]
name = "zope-interface"
version = "7.2"
source = { registry = "https://pypi.org/simple" }
dependencies = [
    { name = "setuptools" },
]
sdist = { url = "https://files.pythonhosted.org/packages/30/93/9210e7606be57a2dfc6277ac97dcc864fd8d39f142ca194fdc186d596fda/zope.interface-7.2.tar.gz", hash = "sha256:8b49f1a3d1ee4cdaf5b32d2e738362c7f5e40ac8b46dd7d1a65e82a4872728fe", size = 252960 }
wheels = [
    { url = "https://files.pythonhosted.org/packages/c6/3b/e309d731712c1a1866d61b5356a069dd44e5b01e394b6cb49848fa2efbff/zope.interface-7.2-cp313-cp313-macosx_10_9_x86_64.whl", hash = "sha256:3e0350b51e88658d5ad126c6a57502b19d5f559f6cb0a628e3dc90442b53dd98", size = 208961 },
    { url = "https://files.pythonhosted.org/packages/49/65/78e7cebca6be07c8fc4032bfbb123e500d60efdf7b86727bb8a071992108/zope.interface-7.2-cp313-cp313-macosx_11_0_arm64.whl", hash = "sha256:15398c000c094b8855d7d74f4fdc9e73aa02d4d0d5c775acdef98cdb1119768d", size = 209356 },
    { url = "https://files.pythonhosted.org/packages/11/b1/627384b745310d082d29e3695db5f5a9188186676912c14b61a78bbc6afe/zope.interface-7.2-cp313-cp313-manylinux_2_17_aarch64.manylinux2014_aarch64.whl", hash = "sha256:802176a9f99bd8cc276dcd3b8512808716492f6f557c11196d42e26c01a69a4c", size = 264196 },
    { url = "https://files.pythonhosted.org/packages/b8/f6/54548df6dc73e30ac6c8a7ff1da73ac9007ba38f866397091d5a82237bd3/zope.interface-7.2-cp313-cp313-manylinux_2_5_i686.manylinux1_i686.manylinux_2_17_i686.manylinux2014_i686.whl", hash = "sha256:eb23f58a446a7f09db85eda09521a498e109f137b85fb278edb2e34841055398", size = 259237 },
    { url = "https://files.pythonhosted.org/packages/b6/66/ac05b741c2129fdf668b85631d2268421c5cd1a9ff99be1674371139d665/zope.interface-7.2-cp313-cp313-manylinux_2_5_x86_64.manylinux1_x86_64.manylinux_2_17_x86_64.manylinux2014_x86_64.whl", hash = "sha256:a71a5b541078d0ebe373a81a3b7e71432c61d12e660f1d67896ca62d9628045b", size = 264696 },
    { url = "https://files.pythonhosted.org/packages/0a/2f/1bccc6f4cc882662162a1158cda1a7f616add2ffe322b28c99cb031b4ffc/zope.interface-7.2-cp313-cp313-win_amd64.whl", hash = "sha256:4893395d5dd2ba655c38ceb13014fd65667740f09fa5bb01caa1e6284e48c0cd", size = 212472 },
]
